
Microsoft Visual Studio Solution File, Format Version 12.00
# Visual Studio Version 17
VisualStudioVersion = 17.11.35327.3
MinimumVisualStudioVersion = 10.0.40219.1
Project("{FAE04EC0-301F-11D3-BF4B-00C04F79EFBC}") = "Ex006", "Ex006.csproj", "{B91D31BF-40E0-459A-92CC-726352E22E3A}"
EndProject
Global
	GlobalSection(SolutionConfigurationPlatforms) = preSolution
		Debug|Any CPU = Debug|Any CPU
		Release|Any CPU = Release|Any CPU
	EndGlobalSection
	GlobalSection(ProjectConfigurationPlatforms) = postSolution
		{B91D31BF-40E0-459A-92CC-726352E22E3A}.Debug|Any CPU.ActiveCfg = Debug|Any CPU
		{B91D31BF-40E0-459A-92CC-726352E22E3A}.Debug|Any CPU.Build.0 = Debug|Any CPU
		{B91D31BF-40E0-459A-92CC-726352E22E3A}.Release|Any CPU.ActiveCfg = Release|Any CPU
		{B91D31BF-40E0-459A-92CC-726352E22E3A}.Release|Any CPU.Build.0 = Release|Any CPU
	EndGlobalSection
	GlobalSection(SolutionProperties) = preSolution
		HideSolutionNode = FALSE
	EndGlobalSection
	GlobalSection(ExtensibilityGlobals) = postSolution
		SolutionGuid = {71C0557E-E35B-452B-A47D-6B9B784E3E11}
	EndGlobalSection
EndGlobal
