
Microsoft Visual Studio Solution File, Format Version 12.00
# Visual Studio Version 17
VisualStudioVersion = 17.11.35327.3
MinimumVisualStudioVersion = 10.0.40219.1
Project("{FAE04EC0-301F-11D3-BF4B-00C04F79EFBC}") = "Fatorial", "Fatorial.csproj", "{2940FC2E-9BD6-4B1F-939C-2066B15A48CE}"
EndProject
Global
	GlobalSection(SolutionConfigurationPlatforms) = preSolution
		Debug|Any CPU = Debug|Any CPU
		Release|Any CPU = Release|Any CPU
	EndGlobalSection
	GlobalSection(ProjectConfigurationPlatforms) = postSolution
		{2940FC2E-9BD6-4B1F-939C-2066B15A48CE}.Debug|Any CPU.ActiveCfg = Debug|Any CPU
		{2940FC2E-9BD6-4B1F-939C-2066B15A48CE}.Debug|Any CPU.Build.0 = Debug|Any CPU
		{2940FC2E-9BD6-4B1F-939C-2066B15A48CE}.Release|Any CPU.ActiveCfg = Release|Any CPU
		{2940FC2E-9BD6-4B1F-939C-2066B15A48CE}.Release|Any CPU.Build.0 = Release|Any CPU
	EndGlobalSection
	GlobalSection(SolutionProperties) = preSolution
		HideSolutionNode = FALSE
	EndGlobalSection
	GlobalSection(ExtensibilityGlobals) = postSolution
		SolutionGuid = {193B1C3A-DAAA-4EFD-A147-90A468C5F0CF}
	EndGlobalSection
EndGlobal
